// !$*UTF8*$!
{
	archiveVersion = 1;
	classes = {
	};
	objectVersion = 50;
	objects = {

/* Begin PBXBuildFile section */
		40EF635B258B7B2F0099500E /* boolの交換_ex05.cpp in Sources */ = {isa = PBXBuildFile; fileRef = 40EF635A258B7B2F0099500E /* boolの交換_ex05.cpp */; };
/* End PBXBuildFile section */

/* Begin PBXCopyFilesBuildPhase section */
		4098B285258671930002AA2C /* CopyFiles */ = {
			isa = PBXCopyFilesBuildPhase;
			buildActionMask = 2147483647;
			dstPath = /usr/share/man/man1/;
			dstSubfolderSpec = 0;
			files = (
			);
			runOnlyForDeploymentPostprocessing = 1;
		};
/* End PBXCopyFilesBuildPhase section */

/* Begin PBXFileReference section */
		40207453258B4DA500317E4F /* 論理和 : operator ||_ex02.cpp */ = {isa = PBXFileReference; lastKnownFileType = sourcecode.cpp.cpp; path = "論理和 : operator ||_ex02.cpp"; sourceTree = "<group>"; };
		40207454258B4DA500317E4F /* 論理和 : operator ||_ex01.cpp */ = {isa = PBXFileReference; lastKnownFileType = sourcecode.cpp.cpp; path = "論理和 : operator ||_ex01.cpp"; sourceTree = "<group>"; };
		40207455258B4DE700317E4F /* 短絡評価_ex01.cpp */ = {isa = PBXFileReference; lastKnownFileType = sourcecode.cpp.cpp; path = "短絡評価_ex01.cpp"; sourceTree = "<group>"; };
		4098B287258671930002AA2C /* 条件式(conditional expression) */ = {isa = PBXFileReference; explicitFileType = "compiled.mach-o.executable"; includeInIndex = 0; path = "条件式(conditional expression)"; sourceTree = BUILT_PRODUCTS_DIR; };
		4098B293258671A40002AA2C /* all.h */ = {isa = PBXFileReference; fileEncoding = 4; lastKnownFileType = sourcecode.c.h; name = all.h; path = ../../all.h; sourceTree = "<group>"; };
		4098B294258671BA0002AA2C /* 条件式_ex01.cpp */ = {isa = PBXFileReference; lastKnownFileType = sourcecode.cpp.cpp; path = "条件式_ex01.cpp"; sourceTree = "<group>"; };
		4098B298258672F90002AA2C /* 条件式_ex02.cpp */ = {isa = PBXFileReference; lastKnownFileType = sourcecode.cpp.cpp; path = "条件式_ex02.cpp"; sourceTree = "<group>"; };
		4098B29C258675B70002AA2C /* 論理否定 : operator !_ex01.cpp */ = {isa = PBXFileReference; lastKnownFileType = sourcecode.cpp.cpp; path = "論理否定 : operator !_ex01.cpp"; sourceTree = "<group>"; };
		4098B2A7258677B50002AA2C /* 同値比較 : operator ==,!=_ex01.cpp */ = {isa = PBXFileReference; lastKnownFileType = sourcecode.cpp.cpp; path = "同値比較 : operator ==,!=_ex01.cpp"; sourceTree = "<group>"; };
		4098B2AB2587804F0002AA2C /* 論理積 : operator &&.cpp */ = {isa = PBXFileReference; lastKnownFileType = sourcecode.cpp.cpp; path = "論理積 : operator &&.cpp"; sourceTree = "<group>"; };
		4098B2AF258781830002AA2C /* 論理積 : operator &&_ex02.cpp */ = {isa = PBXFileReference; lastKnownFileType = sourcecode.cpp.cpp; path = "論理積 : operator &&_ex02.cpp"; sourceTree = "<group>"; };
		4098B2B3258783820002AA2C /* 論理積 : operator &&_ex03.cpp */ = {isa = PBXFileReference; lastKnownFileType = sourcecode.cpp.cpp; path = "論理積 : operator &&_ex03.cpp"; sourceTree = "<group>"; };
		40EF633B258B765E0099500E /* 短絡評価_ex02.cpp */ = {isa = PBXFileReference; lastKnownFileType = sourcecode.cpp.cpp; path = "短絡評価_ex02.cpp"; sourceTree = "<group>"; };
		40EF6349258B778C0099500E /* boolの交換_ex01.cpp */ = {isa = PBXFileReference; lastKnownFileType = sourcecode.cpp.cpp; path = "boolの交換_ex01.cpp"; sourceTree = "<group>"; };
		40EF634D258B794C0099500E /* boolの交換_ex02.cpp */ = {isa = PBXFileReference; lastKnownFileType = sourcecode.cpp.cpp; path = "boolの交換_ex02.cpp"; sourceTree = "<group>"; };
		40EF6352258B79BE0099500E /* boolの交換_ex03.cpp */ = {isa = PBXFileReference; lastKnownFileType = sourcecode.cpp.cpp; path = "boolの交換_ex03.cpp"; sourceTree = "<group>"; };
		40EF6355258B7A720099500E /* boolの交換_ex04.cpp */ = {isa = PBXFileReference; lastKnownFileType = sourcecode.cpp.cpp; path = "boolの交換_ex04.cpp"; sourceTree = "<group>"; };
		40EF635A258B7B2F0099500E /* boolの交換_ex05.cpp */ = {isa = PBXFileReference; lastKnownFileType = sourcecode.cpp.cpp; path = "boolの交換_ex05.cpp"; sourceTree = "<group>"; };
/* End PBXFileReference section */

/* Begin PBXFrameworksBuildPhase section */
		4098B284258671930002AA2C /* Frameworks */ = {
			isa = PBXFrameworksBuildPhase;
			buildActionMask = 2147483647;
			files = (
			);
			runOnlyForDeploymentPostprocessing = 0;
		};
/* End PBXFrameworksBuildPhase section */

/* Begin PBXGroup section */
		4098B27E258671930002AA2C = {
			isa = PBXGroup;
			children = (
				4098B289258671930002AA2C /* 条件式(conditional expression) */,
				4098B288258671930002AA2C /* Products */,
			);
			sourceTree = "<group>";
		};
		4098B288258671930002AA2C /* Products */ = {
			isa = PBXGroup;
			children = (
				4098B287258671930002AA2C /* 条件式(conditional expression) */,
			);
			name = Products;
			sourceTree = "<group>";
		};
		4098B289258671930002AA2C /* 条件式(conditional expression) */ = {
			isa = PBXGroup;
			children = (
				4098B293258671A40002AA2C /* all.h */,
				4098B294258671BA0002AA2C /* 条件式_ex01.cpp */,
				4098B298258672F90002AA2C /* 条件式_ex02.cpp */,
				4098B29C258675B70002AA2C /* 論理否定 : operator !_ex01.cpp */,
				4098B2A7258677B50002AA2C /* 同値比較 : operator ==,!=_ex01.cpp */,
				4098B2AB2587804F0002AA2C /* 論理積 : operator &&.cpp */,
				4098B2AF258781830002AA2C /* 論理積 : operator &&_ex02.cpp */,
				4098B2B3258783820002AA2C /* 論理積 : operator &&_ex03.cpp */,
				40207454258B4DA500317E4F /* 論理和 : operator ||_ex01.cpp */,
				40207453258B4DA500317E4F /* 論理和 : operator ||_ex02.cpp */,
				40207455258B4DE700317E4F /* 短絡評価_ex01.cpp */,
				40EF633B258B765E0099500E /* 短絡評価_ex02.cpp */,
				40EF6349258B778C0099500E /* boolの交換_ex01.cpp */,
				40EF634D258B794C0099500E /* boolの交換_ex02.cpp */,
				40EF6352258B79BE0099500E /* boolの交換_ex03.cpp */,
				40EF6355258B7A720099500E /* boolの交換_ex04.cpp */,
				40EF635A258B7B2F0099500E /* boolの交換_ex05.cpp */,
			);
			path = "条件式(conditional expression)";
			sourceTree = "<group>";
		};
/* End PBXGroup section */

/* Begin PBXNativeTarget section */
		4098B286258671930002AA2C /* 条件式(conditional expression) */ = {
			isa = PBXNativeTarget;
			buildConfigurationList = 4098B28E258671930002AA2C /* Build configuration list for PBXNativeTarget "条件式(conditional expression)" */;
			buildPhases = (
				4098B283258671930002AA2C /* Sources */,
				4098B284258671930002AA2C /* Frameworks */,
				4098B285258671930002AA2C /* CopyFiles */,
			);
			buildRules = (
			);
			dependencies = (
			);
			name = "条件式(conditional expression)";
			productName = "条件式(conditional expression)";
			productReference = 4098B287258671930002AA2C /* 条件式(conditional expression) */;
			productType = "com.apple.product-type.tool";
		};
/* End PBXNativeTarget section */

/* Begin PBXProject section */
		4098B27F258671930002AA2C /* Project object */ = {
			isa = PBXProject;
			attributes = {
				LastUpgradeCheck = 1220;
				TargetAttributes = {
					4098B286258671930002AA2C = {
						CreatedOnToolsVersion = 12.2;
					};
				};
			};
			buildConfigurationList = 4098B282258671930002AA2C /* Build configuration list for PBXProject "条件式(conditional expression)" */;
			compatibilityVersion = "Xcode 9.3";
			developmentRegion = en;
			hasScannedForEncodings = 0;
			knownRegions = (
				en,
				Base,
			);
			mainGroup = 4098B27E258671930002AA2C;
			productRefGroup = 4098B288258671930002AA2C /* Products */;
			projectDirPath = "";
			projectRoot = "";
			targets = (
				4098B286258671930002AA2C /* 条件式(conditional expression) */,
			);
		};
/* End PBXProject section */

/* Begin PBXSourcesBuildPhase section */
		4098B283258671930002AA2C /* Sources */ = {
			isa = PBXSourcesBuildPhase;
			buildActionMask = 2147483647;
			files = (
				40EF635B258B7B2F0099500E /* boolの交換_ex05.cpp in Sources */,
			);
			runOnlyForDeploymentPostprocessing = 0;
		};
/* End PBXSourcesBuildPhase section */

/* Begin XCBuildConfiguration section */
		4098B28C258671930002AA2C /* Debug */ = {
			isa = XCBuildConfiguration;
			buildSettings = {
				ALWAYS_SEARCH_USER_PATHS = NO;
				CLANG_ANALYZER_NONNULL = YES;
				CLANG_ANALYZER_NUMBER_OBJECT_CONVERSION = YES_AGGRESSIVE;
				CLANG_CXX_LANGUAGE_STANDARD = "gnu++14";
				CLANG_CXX_LIBRARY = "libc++";
				CLANG_ENABLE_MODULES = YES;
				CLANG_ENABLE_OBJC_ARC = YES;
				CLANG_ENABLE_OBJC_WEAK = YES;
				CLANG_WARN_BLOCK_CAPTURE_AUTORELEASING = YES;
				CLANG_WARN_BOOL_CONVERSION = YES;
				CLANG_WARN_COMMA = YES;
				CLANG_WARN_CONSTANT_CONVERSION = YES;
				CLANG_WARN_DEPRECATED_OBJC_IMPLEMENTATIONS = YES;
				CLANG_WARN_DIRECT_OBJC_ISA_USAGE = YES_ERROR;
				CLANG_WARN_DOCUMENTATION_COMMENTS = YES;
				CLANG_WARN_EMPTY_BODY = YES;
				CLANG_WARN_ENUM_CONVERSION = YES;
				CLANG_WARN_INFINITE_RECURSION = YES;
				CLANG_WARN_INT_CONVERSION = YES;
				CLANG_WARN_NON_LITERAL_NULL_CONVERSION = YES;
				CLANG_WARN_OBJC_IMPLICIT_RETAIN_SELF = YES;
				CLANG_WARN_OBJC_LITERAL_CONVERSION = YES;
				CLANG_WARN_OBJC_ROOT_CLASS = YES_ERROR;
				CLANG_WARN_QUOTED_INCLUDE_IN_FRAMEWORK_HEADER = YES;
				CLANG_WARN_RANGE_LOOP_ANALYSIS = YES;
				CLANG_WARN_STRICT_PROTOTYPES = YES;
				CLANG_WARN_SUSPICIOUS_MOVE = YES;
				CLANG_WARN_UNGUARDED_AVAILABILITY = YES_AGGRESSIVE;
				CLANG_WARN_UNREACHABLE_CODE = YES;
				CLANG_WARN__DUPLICATE_METHOD_MATCH = YES;
				COPY_PHASE_STRIP = NO;
				DEBUG_INFORMATION_FORMAT = dwarf;
				ENABLE_STRICT_OBJC_MSGSEND = YES;
				ENABLE_TESTABILITY = YES;
				GCC_C_LANGUAGE_STANDARD = gnu11;
				GCC_DYNAMIC_NO_PIC = NO;
				GCC_NO_COMMON_BLOCKS = YES;
				GCC_OPTIMIZATION_LEVEL = 0;
				GCC_PREPROCESSOR_DEFINITIONS = (
					"DEBUG=1",
					"$(inherited)",
				);
				GCC_WARN_64_TO_32_BIT_CONVERSION = YES;
				GCC_WARN_ABOUT_RETURN_TYPE = YES_ERROR;
				GCC_WARN_UNDECLARED_SELECTOR = YES;
				GCC_WARN_UNINITIALIZED_AUTOS = YES_AGGRESSIVE;
				GCC_WARN_UNUSED_FUNCTION = YES;
				GCC_WARN_UNUSED_VARIABLE = YES;
				MACOSX_DEPLOYMENT_TARGET = 10.15;
				MTL_ENABLE_DEBUG_INFO = INCLUDE_SOURCE;
				MTL_FAST_MATH = YES;
				ONLY_ACTIVE_ARCH = YES;
				SDKROOT = macosx;
			};
			name = Debug;
		};
		4098B28D258671930002AA2C /* Release */ = {
			isa = XCBuildConfiguration;
			buildSettings = {
				ALWAYS_SEARCH_USER_PATHS = NO;
				CLANG_ANALYZER_NONNULL = YES;
				CLANG_ANALYZER_NUMBER_OBJECT_CONVERSION = YES_AGGRESSIVE;
				CLANG_CXX_LANGUAGE_STANDARD = "gnu++14";
				CLANG_CXX_LIBRARY = "libc++";
				CLANG_ENABLE_MODULES = YES;
				CLANG_ENABLE_OBJC_ARC = YES;
				CLANG_ENABLE_OBJC_WEAK = YES;
				CLANG_WARN_BLOCK_CAPTURE_AUTORELEASING = YES;
				CLANG_WARN_BOOL_CONVERSION = YES;
				CLANG_WARN_COMMA = YES;
				CLANG_WARN_CONSTANT_CONVERSION = YES;
				CLANG_WARN_DEPRECATED_OBJC_IMPLEMENTATIONS = YES;
				CLANG_WARN_DIRECT_OBJC_ISA_USAGE = YES_ERROR;
				CLANG_WARN_DOCUMENTATION_COMMENTS = YES;
				CLANG_WARN_EMPTY_BODY = YES;
				CLANG_WARN_ENUM_CONVERSION = YES;
				CLANG_WARN_INFINITE_RECURSION = YES;
				CLANG_WARN_INT_CONVERSION = YES;
				CLANG_WARN_NON_LITERAL_NULL_CONVERSION = YES;
				CLANG_WARN_OBJC_IMPLICIT_RETAIN_SELF = YES;
				CLANG_WARN_OBJC_LITERAL_CONVERSION = YES;
				CLANG_WARN_OBJC_ROOT_CLASS = YES_ERROR;
				CLANG_WARN_QUOTED_INCLUDE_IN_FRAMEWORK_HEADER = YES;
				CLANG_WARN_RANGE_LOOP_ANALYSIS = YES;
				CLANG_WARN_STRICT_PROTOTYPES = YES;
				CLANG_WARN_SUSPICIOUS_MOVE = YES;
				CLANG_WARN_UNGUARDED_AVAILABILITY = YES_AGGRESSIVE;
				CLANG_WARN_UNREACHABLE_CODE = YES;
				CLANG_WARN__DUPLICATE_METHOD_MATCH = YES;
				COPY_PHASE_STRIP = NO;
				DEBUG_INFORMATION_FORMAT = "dwarf-with-dsym";
				ENABLE_NS_ASSERTIONS = NO;
				ENABLE_STRICT_OBJC_MSGSEND = YES;
				GCC_C_LANGUAGE_STANDARD = gnu11;
				GCC_NO_COMMON_BLOCKS = YES;
				GCC_WARN_64_TO_32_BIT_CONVERSION = YES;
				GCC_WARN_ABOUT_RETURN_TYPE = YES_ERROR;
				GCC_WARN_UNDECLARED_SELECTOR = YES;
				GCC_WARN_UNINITIALIZED_AUTOS = YES_AGGRESSIVE;
				GCC_WARN_UNUSED_FUNCTION = YES;
				GCC_WARN_UNUSED_VARIABLE = YES;
				MACOSX_DEPLOYMENT_TARGET = 10.15;
				MTL_ENABLE_DEBUG_INFO = NO;
				MTL_FAST_MATH = YES;
				SDKROOT = macosx;
			};
			name = Release;
		};
		4098B28F258671930002AA2C /* Debug */ = {
			isa = XCBuildConfiguration;
			buildSettings = {
				CODE_SIGN_STYLE = Automatic;
				PRODUCT_NAME = "$(TARGET_NAME)";
			};
			name = Debug;
		};
		4098B290258671930002AA2C /* Release */ = {
			isa = XCBuildConfiguration;
			buildSettings = {
				CODE_SIGN_STYLE = Automatic;
				PRODUCT_NAME = "$(TARGET_NAME)";
			};
			name = Release;
		};
/* End XCBuildConfiguration section */

/* Begin XCConfigurationList section */
		4098B282258671930002AA2C /* Build configuration list for PBXProject "条件式(conditional expression)" */ = {
			isa = XCConfigurationList;
			buildConfigurations = (
				4098B28C258671930002AA2C /* Debug */,
				4098B28D258671930002AA2C /* Release */,
			);
			defaultConfigurationIsVisible = 0;
			defaultConfigurationName = Release;
		};
		4098B28E258671930002AA2C /* Build configuration list for PBXNativeTarget "条件式(conditional expression)" */ = {
			isa = XCConfigurationList;
			buildConfigurations = (
				4098B28F258671930002AA2C /* Debug */,
				4098B290258671930002AA2C /* Release */,
			);
			defaultConfigurationIsVisible = 0;
			defaultConfigurationName = Release;
		};
/* End XCConfigurationList section */
	};
	rootObject = 4098B27F258671930002AA2C /* Project object */;
}
